
Microsoft Visual Studio Solution File, Format Version 12.00
# Visual Studio Version 17
VisualStudioVersion = 17.11.35222.181
MinimumVisualStudioVersion = 10.0.40219.1
Project("{FAE04EC0-301F-11D3-BF4B-00C04F79EFBC}") = "MovieApp.Web", "MovieApp.Web\MovieApp.Web.csproj", "{7C86AE75-B1E7-49FC-A1DD-A4355E5BCB50}"
EndProject
Global
	GlobalSection(SolutionConfigurationPlatforms) = preSolution
		Debug|Any CPU = Debug|Any CPU
		Release|Any CPU = Release|Any CPU
	EndGlobalSection
	GlobalSection(ProjectConfigurationPlatforms) = postSolution
		{7C86AE75-B1E7-49FC-A1DD-A4355E5BCB50}.Debug|Any CPU.ActiveCfg = Debug|Any CPU
		{7C86AE75-B1E7-49FC-A1DD-A4355E5BCB50}.Debug|Any CPU.Build.0 = Debug|Any CPU
		{7C86AE75-B1E7-49FC-A1DD-A4355E5BCB50}.Release|Any CPU.ActiveCfg = Release|Any CPU
		{7C86AE75-B1E7-49FC-A1DD-A4355E5BCB50}.Release|Any CPU.Build.0 = Release|Any CPU
	EndGlobalSection
	GlobalSection(SolutionProperties) = preSolution
		HideSolutionNode = FALSE
	EndGlobalSection
	GlobalSection(ExtensibilityGlobals) = postSolution
		SolutionGuid = {2697EFFE-4F5F-4C3D-AF31-A26C49D85F18}
	EndGlobalSection
EndGlobal
